
Microsoft Visual Studio Solution File, Format Version 12.00
# Visual Studio Version 16
VisualStudioVersion = 16.0.29123.88
MinimumVisualStudioVersion = 10.0.40219.1
Project("{FAE04EC0-301F-11D3-BF4B-00C04F79EFBC}") = "NumberGuessa", "NumberGuessa.csproj", "{D0827851-5859-4C3B-9663-9E69D4328D45}"
EndProject
Global
	GlobalSection(SolutionConfigurationPlatforms) = preSolution
		Debug|Any CPU = Debug|Any CPU
		Release|Any CPU = Release|Any CPU
	EndGlobalSection
	GlobalSection(ProjectConfigurationPlatforms) = postSolution
		{D0827851-5859-4C3B-9663-9E69D4328D45}.Debug|Any CPU.ActiveCfg = Debug|Any CPU
		{D0827851-5859-4C3B-9663-9E69D4328D45}.Debug|Any CPU.Build.0 = Debug|Any CPU
		{D0827851-5859-4C3B-9663-9E69D4328D45}.Release|Any CPU.ActiveCfg = Release|Any CPU
		{D0827851-5859-4C3B-9663-9E69D4328D45}.Release|Any CPU.Build.0 = Release|Any CPU
	EndGlobalSection
	GlobalSection(SolutionProperties) = preSolution
		HideSolutionNode = FALSE
	EndGlobalSection
	GlobalSection(ExtensibilityGlobals) = postSolution
		SolutionGuid = {E91512E3-E0C5-4614-B48D-67D0AF769C80}
	EndGlobalSection
EndGlobal
